// !$*UTF8*$!
{
	archiveVersion = 1;
	classes = {
	};
	objectVersion = 52;
	objects = {

/* Begin PBXBuildFile section */
		038A6B2F2686672F008ECC80 /* ConnectivityApp.swift in Sources */ = {isa = PBXBuildFile; fileRef = 038A6B2E2686672F008ECC80 /* ConnectivityApp.swift */; };
		038A6B312686672F008ECC80 /* MainView.swift in Sources */ = {isa = PBXBuildFile; fileRef = 038A6B302686672F008ECC80 /* MainView.swift */; };
		038A6B3326866732008ECC80 /* Assets.xcassets in Resources */ = {isa = PBXBuildFile; fileRef = 038A6B3226866732008ECC80 /* Assets.xcassets */; };
		038A6B3626866732008ECC80 /* Preview Assets.xcassets in Resources */ = {isa = PBXBuildFile; fileRef = 038A6B3526866732008ECC80 /* Preview Assets.xcassets */; };
		038A6B3E268667DB008ECC80 /* AppEnvironment.swift in Sources */ = {isa = PBXBuildFile; fileRef = 038A6B3D268667DB008ECC80 /* AppEnvironment.swift */; };
		26BBC3C02751AAFB003F98FB /* ConnectivityKit in Frameworks */ = {isa = PBXBuildFile; productRef = 26BBC3BF2751AAFB003F98FB /* ConnectivityKit */; };
/* End PBXBuildFile section */

/* Begin PBXFileReference section */
		038A6B2B2686672F008ECC80 /* Connectivity.app */ = {isa = PBXFileReference; explicitFileType = wrapper.application; includeInIndex = 0; path = Connectivity.app; sourceTree = BUILT_PRODUCTS_DIR; };
		038A6B2E2686672F008ECC80 /* ConnectivityApp.swift */ = {isa = PBXFileReference; lastKnownFileType = sourcecode.swift; path = ConnectivityApp.swift; sourceTree = "<group>"; };
		038A6B302686672F008ECC80 /* MainView.swift */ = {isa = PBXFileReference; lastKnownFileType = sourcecode.swift; path = MainView.swift; sourceTree = "<group>"; };
		038A6B3226866732008ECC80 /* Assets.xcassets */ = {isa = PBXFileReference; lastKnownFileType = folder.assetcatalog; path = Assets.xcassets; sourceTree = "<group>"; };
		038A6B3526866732008ECC80 /* Preview Assets.xcassets */ = {isa = PBXFileReference; lastKnownFileType = folder.assetcatalog; path = "Preview Assets.xcassets"; sourceTree = "<group>"; };
		038A6B3726866732008ECC80 /* Info.plist */ = {isa = PBXFileReference; lastKnownFileType = text.plist.xml; path = Info.plist; sourceTree = "<group>"; };
		038A6B3D268667DB008ECC80 /* AppEnvironment.swift */ = {isa = PBXFileReference; lastKnownFileType = sourcecode.swift; path = AppEnvironment.swift; sourceTree = "<group>"; };
		26BBC3B02751A64E003F98FB /* Build.xcconfig */ = {isa = PBXFileReference; lastKnownFileType = text.xcconfig; path = Build.xcconfig; sourceTree = "<group>"; };
		26BBC3B92751A7D7003F98FB /* CodeSigning.xcconfig */ = {isa = PBXFileReference; lastKnownFileType = text.xcconfig; path = CodeSigning.xcconfig; sourceTree = "<group>"; };
		26BBC3BC2751AAE9003F98FB /* Connectivity */ = {isa = PBXFileReference; lastKnownFileType = folder; name = Connectivity; sourceTree = "<group>"; };
/* End PBXFileReference section */

/* Begin PBXFrameworksBuildPhase section */
		038A6B282686672F008ECC80 /* Frameworks */ = {
			isa = PBXFrameworksBuildPhase;
			buildActionMask = 2147483647;
			files = (
				26BBC3C02751AAFB003F98FB /* ConnectivityKit in Frameworks */,
			);
			runOnlyForDeploymentPostprocessing = 0;
		};
/* End PBXFrameworksBuildPhase section */

/* Begin PBXGroup section */
		038A6B222686672F008ECC80 = {
			isa = PBXGroup;
			children = (
				26BBC3B32751A77E003F98FB /* Packages */,
				26BBC3B02751A64E003F98FB /* Build.xcconfig */,
				26BBC3B92751A7D7003F98FB /* CodeSigning.xcconfig */,
				038A6B2D2686672F008ECC80 /* Connectivity */,
				038A6B2C2686672F008ECC80 /* Products */,
				038A6B3F2686680B008ECC80 /* Frameworks */,
			);
			sourceTree = "<group>";
		};
		038A6B2C2686672F008ECC80 /* Products */ = {
			isa = PBXGroup;
			children = (
				038A6B2B2686672F008ECC80 /* Connectivity.app */,
			);
			name = Products;
			sourceTree = "<group>";
		};
		038A6B2D2686672F008ECC80 /* Connectivity */ = {
			isa = PBXGroup;
			children = (
				038A6B3D268667DB008ECC80 /* AppEnvironment.swift */,
				038A6B2E2686672F008ECC80 /* ConnectivityApp.swift */,
				038A6B302686672F008ECC80 /* MainView.swift */,
				038A6B3226866732008ECC80 /* Assets.xcassets */,
				038A6B3726866732008ECC80 /* Info.plist */,
				038A6B3426866732008ECC80 /* Preview Content */,
			);
			path = Connectivity;
			sourceTree = "<group>";
		};
		038A6B3426866732008ECC80 /* Preview Content */ = {
			isa = PBXGroup;
			children = (
				038A6B3526866732008ECC80 /* Preview Assets.xcassets */,
			);
			path = "Preview Content";
			sourceTree = "<group>";
		};
		038A6B3F2686680B008ECC80 /* Frameworks */ = {
			isa = PBXGroup;
			children = (
			);
			name = Frameworks;
			sourceTree = "<group>";
		};
		26BBC3B32751A77E003F98FB /* Packages */ = {
			isa = PBXGroup;
			children = (
				26BBC3BC2751AAE9003F98FB /* Connectivity */,
			);
			name = Packages;
			sourceTree = "<group>";
		};
/* End PBXGroup section */

/* Begin PBXNativeTarget section */
		038A6B2A2686672F008ECC80 /* Connectivity */ = {
			isa = PBXNativeTarget;
			buildConfigurationList = 038A6B3A26866732008ECC80 /* Build configuration list for PBXNativeTarget "Connectivity" */;
			buildPhases = (
				038A6B272686672F008ECC80 /* Sources */,
				038A6B282686672F008ECC80 /* Frameworks */,
				038A6B292686672F008ECC80 /* Resources */,
			);
			buildRules = (
			);
			dependencies = (
				26BBC3BE2751AAF7003F98FB /* PBXTargetDependency */,
			);
			name = Connectivity;
			packageProductDependencies = (
				26BBC3BF2751AAFB003F98FB /* ConnectivityKit */,
			);
			productName = Connectivity;
			productReference = 038A6B2B2686672F008ECC80 /* Connectivity.app */;
			productType = "com.apple.product-type.application";
		};
/* End PBXNativeTarget section */

/* Begin PBXProject section */
		038A6B232686672F008ECC80 /* Project object */ = {
			isa = PBXProject;
			attributes = {
				LastSwiftUpdateCheck = 1250;
				LastUpgradeCheck = 1250;
				TargetAttributes = {
					038A6B2A2686672F008ECC80 = {
						CreatedOnToolsVersion = 12.5.1;
					};
				};
			};
			buildConfigurationList = 038A6B262686672F008ECC80 /* Build configuration list for PBXProject "Connectivity" */;
			compatibilityVersion = "Xcode 9.3";
			developmentRegion = en;
			hasScannedForEncodings = 0;
			knownRegions = (
				en,
				Base,
			);
			mainGroup = 038A6B222686672F008ECC80;
			productRefGroup = 038A6B2C2686672F008ECC80 /* Products */;
			projectDirPath = "";
			projectRoot = "";
			targets = (
				038A6B2A2686672F008ECC80 /* Connectivity */,
			);
		};
/* End PBXProject section */

/* Begin PBXResourcesBuildPhase section */
		038A6B292686672F008ECC80 /* Resources */ = {
			isa = PBXResourcesBuildPhase;
			buildActionMask = 2147483647;
			files = (
				038A6B3626866732008ECC80 /* Preview Assets.xcassets in Resources */,
				038A6B3326866732008ECC80 /* Assets.xcassets in Resources */,
			);
			runOnlyForDeploymentPostprocessing = 0;
		};
/* End PBXResourcesBuildPhase section */

/* Begin PBXSourcesBuildPhase section */
		038A6B272686672F008ECC80 /* Sources */ = {
			isa = PBXSourcesBuildPhase;
			buildActionMask = 2147483647;
			files = (
				038A6B312686672F008ECC80 /* MainView.swift in Sources */,
				038A6B2F2686672F008ECC80 /* ConnectivityApp.swift in Sources */,
				038A6B3E268667DB008ECC80 /* AppEnvironment.swift in Sources */,
			);
			runOnlyForDeploymentPostprocessing = 0;
		};
/* End PBXSourcesBuildPhase section */

/* Begin PBXTargetDependency section */
		26BBC3BE2751AAF7003F98FB /* PBXTargetDependency */ = {
			isa = PBXTargetDependency;
			productRef = 26BBC3BD2751AAF7003F98FB /* ConnectivityKit */;
		};
/* End PBXTargetDependency section */

/* Begin XCBuildConfiguration section */
		038A6B3826866732008ECC80 /* Debug */ = {
			isa = XCBuildConfiguration;
			baseConfigurationReference = 26BBC3B02751A64E003F98FB /* Build.xcconfig */;
			buildSettings = {
				ALWAYS_SEARCH_USER_PATHS = NO;
				CLANG_ANALYZER_NONNULL = YES;
				CLANG_ANALYZER_NUMBER_OBJECT_CONVERSION = YES_AGGRESSIVE;
				CLANG_CXX_LANGUAGE_STANDARD = "gnu++14";
				CLANG_CXX_LIBRARY = "libc++";
				CLANG_ENABLE_MODULES = YES;
				CLANG_ENABLE_OBJC_ARC = YES;
				CLANG_ENABLE_OBJC_WEAK = YES;
				CLANG_WARN_BLOCK_CAPTURE_AUTORELEASING = YES;
				CLANG_WARN_BOOL_CONVERSION = YES;
				CLANG_WARN_COMMA = YES;
				CLANG_WARN_CONSTANT_CONVERSION = YES;
				CLANG_WARN_DEPRECATED_OBJC_IMPLEMENTATIONS = YES;
				CLANG_WARN_DIRECT_OBJC_ISA_USAGE = YES_ERROR;
				CLANG_WARN_DOCUMENTATION_COMMENTS = YES;
				CLANG_WARN_EMPTY_BODY = YES;
				CLANG_WARN_ENUM_CONVERSION = YES;
				CLANG_WARN_INFINITE_RECURSION = YES;
				CLANG_WARN_INT_CONVERSION = YES;
				CLANG_WARN_NON_LITERAL_NULL_CONVERSION = YES;
				CLANG_WARN_OBJC_IMPLICIT_RETAIN_SELF = YES;
				CLANG_WARN_OBJC_LITERAL_CONVERSION = YES;
				CLANG_WARN_OBJC_ROOT_CLASS = YES_ERROR;
				CLANG_WARN_QUOTED_INCLUDE_IN_FRAMEWORK_HEADER = YES;
				CLANG_WARN_RANGE_LOOP_ANALYSIS = YES;
				CLANG_WARN_STRICT_PROTOTYPES = YES;
				CLANG_WARN_SUSPICIOUS_MOVE = YES;
				CLANG_WARN_UNGUARDED_AVAILABILITY = YES_AGGRESSIVE;
				CLANG_WARN_UNREACHABLE_CODE = YES;
				CLANG_WARN__DUPLICATE_METHOD_MATCH = YES;
				COPY_PHASE_STRIP = NO;
				DEBUG_INFORMATION_FORMAT = dwarf;
				ENABLE_STRICT_OBJC_MSGSEND = YES;
				ENABLE_TESTABILITY = YES;
				GCC_C_LANGUAGE_STANDARD = gnu11;
				GCC_DYNAMIC_NO_PIC = NO;
				GCC_NO_COMMON_BLOCKS = YES;
				GCC_OPTIMIZATION_LEVEL = 0;
				GCC_PREPROCESSOR_DEFINITIONS = (
					"DEBUG=1",
					"$(inherited)",
				);
				GCC_WARN_64_TO_32_BIT_CONVERSION = YES;
				GCC_WARN_ABOUT_RETURN_TYPE = YES_ERROR;
				GCC_WARN_UNDECLARED_SELECTOR = YES;
				GCC_WARN_UNINITIALIZED_AUTOS = YES_AGGRESSIVE;
				GCC_WARN_UNUSED_FUNCTION = YES;
				GCC_WARN_UNUSED_VARIABLE = YES;
				MTL_ENABLE_DEBUG_INFO = INCLUDE_SOURCE;
				MTL_FAST_MATH = YES;
				ONLY_ACTIVE_ARCH = YES;
				SDKROOT = iphoneos;
				SWIFT_ACTIVE_COMPILATION_CONDITIONS = DEBUG;
				SWIFT_OPTIMIZATION_LEVEL = "-Onone";
			};
			name = Debug;
		};
		038A6B3926866732008ECC80 /* Release */ = {
			isa = XCBuildConfiguration;
			baseConfigurationReference = 26BBC3B02751A64E003F98FB /* Build.xcconfig */;
			buildSettings = {
				ALWAYS_SEARCH_USER_PATHS = NO;
				CLANG_ANALYZER_NONNULL = YES;
				CLANG_ANALYZER_NUMBER_OBJECT_CONVERSION = YES_AGGRESSIVE;
				CLANG_CXX_LANGUAGE_STANDARD = "gnu++14";
				CLANG_CXX_LIBRARY = "libc++";
				CLANG_ENABLE_MODULES = YES;
				CLANG_ENABLE_OBJC_ARC = YES;
				CLANG_ENABLE_OBJC_WEAK = YES;
				CLANG_WARN_BLOCK_CAPTURE_AUTORELEASING = YES;
				CLANG_WARN_BOOL_CONVERSION = YES;
				CLANG_WARN_COMMA = YES;
				CLANG_WARN_CONSTANT_CONVERSION = YES;
				CLANG_WARN_DEPRECATED_OBJC_IMPLEMENTATIONS = YES;
				CLANG_WARN_DIRECT_OBJC_ISA_USAGE = YES_ERROR;
				CLANG_WARN_DOCUMENTATION_COMMENTS = YES;
				CLANG_WARN_EMPTY_BODY = YES;
				CLANG_WARN_ENUM_CONVERSION = YES;
				CLANG_WARN_INFINITE_RECURSION = YES;
				CLANG_WARN_INT_CONVERSION = YES;
				CLANG_WARN_NON_LITERAL_NULL_CONVERSION = YES;
				CLANG_WARN_OBJC_IMPLICIT_RETAIN_SELF = YES;
				CLANG_WARN_OBJC_LITERAL_CONVERSION = YES;
				CLANG_WARN_OBJC_ROOT_CLASS = YES_ERROR;
				CLANG_WARN_QUOTED_INCLUDE_IN_FRAMEWORK_HEADER = YES;
				CLANG_WARN_RANGE_LOOP_ANALYSIS = YES;
				CLANG_WARN_STRICT_PROTOTYPES = YES;
				CLANG_WARN_SUSPICIOUS_MOVE = YES;
				CLANG_WARN_UNGUARDED_AVAILABILITY = YES_AGGRESSIVE;
				CLANG_WARN_UNREACHABLE_CODE = YES;
				CLANG_WARN__DUPLICATE_METHOD_MATCH = YES;
				COPY_PHASE_STRIP = NO;
				DEBUG_INFORMATION_FORMAT = "dwarf-with-dsym";
				ENABLE_NS_ASSERTIONS = NO;
				ENABLE_STRICT_OBJC_MSGSEND = YES;
				GCC_C_LANGUAGE_STANDARD = gnu11;
				GCC_NO_COMMON_BLOCKS = YES;
				GCC_WARN_64_TO_32_BIT_CONVERSION = YES;
				GCC_WARN_ABOUT_RETURN_TYPE = YES_ERROR;
				GCC_WARN_UNDECLARED_SELECTOR = YES;
				GCC_WARN_UNINITIALIZED_AUTOS = YES_AGGRESSIVE;
				GCC_WARN_UNUSED_FUNCTION = YES;
				GCC_WARN_UNUSED_VARIABLE = YES;
				MTL_ENABLE_DEBUG_INFO = NO;
				MTL_FAST_MATH = YES;
				SDKROOT = iphoneos;
				SWIFT_COMPILATION_MODE = wholemodule;
				SWIFT_OPTIMIZATION_LEVEL = "-O";
				VALIDATE_PRODUCT = YES;
			};
			name = Release;
		};
		038A6B3B26866732008ECC80 /* Debug */ = {
			isa = XCBuildConfiguration;
			buildSettings = {
				ALLOW_TARGET_PLATFORM_SPECIALIZATION = YES;
				ASSETCATALOG_COMPILER_APPICON_NAME = AppIcon;
				ASSETCATALOG_COMPILER_GLOBAL_ACCENT_COLOR_NAME = AccentColor;
				CODE_SIGN_STYLE = Automatic;
				DEVELOPMENT_ASSET_PATHS = "\"Connectivity/Preview Content\"";
				ENABLE_PREVIEWS = YES;
				INFOPLIST_FILE = Connectivity/Info.plist;
				LD_RUNPATH_SEARCH_PATHS = (
					"$(inherited)",
					"@executable_path/Frameworks",
				);
				PRODUCT_BUNDLE_IDENTIFIER = com.acme.Connectivity;
				PRODUCT_NAME = "$(TARGET_NAME)";
				SUPPORTS_MACCATALYST = YES;
				SWIFT_VERSION = 5.0;
				TARGETED_DEVICE_FAMILY = "1,2";
			};
			name = Debug;
		};
		038A6B3C26866732008ECC80 /* Release */ = {
			isa = XCBuildConfiguration;
			buildSettings = {
				ALLOW_TARGET_PLATFORM_SPECIALIZATION = YES;
				ASSETCATALOG_COMPILER_APPICON_NAME = AppIcon;
				ASSETCATALOG_COMPILER_GLOBAL_ACCENT_COLOR_NAME = AccentColor;
				CODE_SIGN_STYLE = Automatic;
				DEVELOPMENT_ASSET_PATHS = "\"Connectivity/Preview Content\"";
				ENABLE_PREVIEWS = YES;
				INFOPLIST_FILE = Connectivity/Info.plist;
				LD_RUNPATH_SEARCH_PATHS = (
					"$(inherited)",
					"@executable_path/Frameworks",
				);
				PRODUCT_BUNDLE_IDENTIFIER = com.acme.Connectivity;
				PRODUCT_NAME = "$(TARGET_NAME)";
				SUPPORTS_MACCATALYST = YES;
				SWIFT_VERSION = 5.0;
				TARGETED_DEVICE_FAMILY = "1,2";
			};
			name = Release;
		};
/* End XCBuildConfiguration section */

/* Begin XCConfigurationList section */
		038A6B262686672F008ECC80 /* Build configuration list for PBXProject "Connectivity" */ = {
			isa = XCConfigurationList;
			buildConfigurations = (
				038A6B3826866732008ECC80 /* Debug */,
				038A6B3926866732008ECC80 /* Release */,
			);
			defaultConfigurationIsVisible = 0;
			defaultConfigurationName = Release;
		};
		038A6B3A26866732008ECC80 /* Build configuration list for PBXNativeTarget "Connectivity" */ = {
			isa = XCConfigurationList;
			buildConfigurations = (
				038A6B3B26866732008ECC80 /* Debug */,
				038A6B3C26866732008ECC80 /* Release */,
			);
			defaultConfigurationIsVisible = 0;
			defaultConfigurationName = Release;
		};
/* End XCConfigurationList section */

/* Begin XCSwiftPackageProductDependency section */
		26BBC3BD2751AAF7003F98FB /* ConnectivityKit */ = {
			isa = XCSwiftPackageProductDependency;
			productName = ConnectivityKit;
		};
		26BBC3BF2751AAFB003F98FB /* ConnectivityKit */ = {
			isa = XCSwiftPackageProductDependency;
			productName = ConnectivityKit;
		};
/* End XCSwiftPackageProductDependency section */
	};
	rootObject = 038A6B232686672F008ECC80 /* Project object */;
}
